
Microsoft Visual Studio Solution File, Format Version 12.00
# Visual Studio Version 16
VisualStudioVersion = 16.0.29709.97
MinimumVisualStudioVersion = 10.0.40219.1
Project("{9A19103F-16F7-4668-BE54-9A1E7A4F7556}") = "FunctionV3", "FunctionV3\FunctionV3.csproj", "{C4AF7273-9226-4979-90BA-9D5E15466F05}"
EndProject
Project("{2150E333-8FDC-42A3-9474-1A3956D46DE8}") = "Docs", "Docs", "{198F5D75-958D-473C-9DE7-AE603601E1AC}"
	ProjectSection(SolutionItems) = preProject
		README.md = README.md
	EndProjectSection
EndProject
Global
	GlobalSection(SolutionConfigurationPlatforms) = preSolution
		Debug|Any CPU = Debug|Any CPU
		Release|Any CPU = Release|Any CPU
	EndGlobalSection
	GlobalSection(ProjectConfigurationPlatforms) = postSolution
		{C4AF7273-9226-4979-90BA-9D5E15466F05}.Debug|Any CPU.ActiveCfg = Debug|Any CPU
		{C4AF7273-9226-4979-90BA-9D5E15466F05}.Debug|Any CPU.Build.0 = Debug|Any CPU
		{C4AF7273-9226-4979-90BA-9D5E15466F05}.Release|Any CPU.ActiveCfg = Release|Any CPU
		{C4AF7273-9226-4979-90BA-9D5E15466F05}.Release|Any CPU.Build.0 = Release|Any CPU
	EndGlobalSection
	GlobalSection(SolutionProperties) = preSolution
		HideSolutionNode = FALSE
	EndGlobalSection
	GlobalSection(ExtensibilityGlobals) = postSolution
		SolutionGuid = {E0FC7925-AB53-4550-B513-CC2FD7672017}
	EndGlobalSection
EndGlobal
